
Microsoft Visual Studio Solution File, Format Version 12.00
# Visual Studio Version 17
VisualStudioVersion = 17.14.36908.2
MinimumVisualStudioVersion = 10.0.40219.1
Project("{FAE04EC0-301F-11D3-BF4B-00C04F79EFBC}") = "GestionBornesCollecte.Api", "GestionBornesCollecte.Api\GestionBornesCollecte.Api.csproj", "{61188CD2-E5E0-777F-C1A6-E466DB894422}"
EndProject
Project("{FAE04EC0-301F-11D3-BF4B-00C04F79EFBC}") = "GestionBornesCollecte.Wpf", "GestionBornesCollecte.Wpf\GestionBornesCollecte.Wpf.csproj", "{5DC5A5E9-F7F0-2377-7107-05A70203AC8E}"
EndProject
Global
	GlobalSection(SolutionConfigurationPlatforms) = preSolution
		Debug|Any CPU = Debug|Any CPU
		Release|Any CPU = Release|Any CPU
	EndGlobalSection
	GlobalSection(ProjectConfigurationPlatforms) = postSolution
		{61188CD2-E5E0-777F-C1A6-E466DB894422}.Debug|Any CPU.ActiveCfg = Debug|Any CPU
		{61188CD2-E5E0-777F-C1A6-E466DB894422}.Debug|Any CPU.Build.0 = Debug|Any CPU
		{61188CD2-E5E0-777F-C1A6-E466DB894422}.Release|Any CPU.ActiveCfg = Release|Any CPU
		{61188CD2-E5E0-777F-C1A6-E466DB894422}.Release|Any CPU.Build.0 = Release|Any CPU
		{5DC5A5E9-F7F0-2377-7107-05A70203AC8E}.Debug|Any CPU.ActiveCfg = Debug|Any CPU
		{5DC5A5E9-F7F0-2377-7107-05A70203AC8E}.Debug|Any CPU.Build.0 = Debug|Any CPU
		{5DC5A5E9-F7F0-2377-7107-05A70203AC8E}.Release|Any CPU.ActiveCfg = Release|Any CPU
		{5DC5A5E9-F7F0-2377-7107-05A70203AC8E}.Release|Any CPU.Build.0 = Release|Any CPU
	EndGlobalSection
	GlobalSection(SolutionProperties) = preSolution
		HideSolutionNode = FALSE
	EndGlobalSection
	GlobalSection(ExtensibilityGlobals) = postSolution
		SolutionGuid = {5A5002BB-D27E-4DB2-83F8-5F4460DF02DE}
	EndGlobalSection
EndGlobal
